
Microsoft Visual Studio Solution File, Format Version 12.00
# Visual Studio Version 17
VisualStudioVersion = 17.3.32901.215
MinimumVisualStudioVersion = 10.0.40219.1
Project("{9A19103F-16F7-4668-BE54-9A1E7A4F7556}") = "BookShop", "BookShop\BookShop.csproj", "{FD09FD77-4A4F-4B42-BD61-D7C50E2A9022}"
EndProject
Project("{FAE04EC0-301F-11D3-BF4B-00C04F79EFBC}") = "BookShopTests", "BookShopTests\BookShopTests.csproj", "{D8F13E93-1241-486B-81E3-A464E226A136}"
EndProject
Global
	GlobalSection(SolutionConfigurationPlatforms) = preSolution
		Debug|Any CPU = Debug|Any CPU
		Release|Any CPU = Release|Any CPU
	EndGlobalSection
	GlobalSection(ProjectConfigurationPlatforms) = postSolution
		{FD09FD77-4A4F-4B42-BD61-D7C50E2A9022}.Debug|Any CPU.ActiveCfg = Debug|Any CPU
		{FD09FD77-4A4F-4B42-BD61-D7C50E2A9022}.Debug|Any CPU.Build.0 = Debug|Any CPU
		{FD09FD77-4A4F-4B42-BD61-D7C50E2A9022}.Release|Any CPU.ActiveCfg = Release|Any CPU
		{FD09FD77-4A4F-4B42-BD61-D7C50E2A9022}.Release|Any CPU.Build.0 = Release|Any CPU
		{D8F13E93-1241-486B-81E3-A464E226A136}.Debug|Any CPU.ActiveCfg = Debug|Any CPU
		{D8F13E93-1241-486B-81E3-A464E226A136}.Debug|Any CPU.Build.0 = Debug|Any CPU
		{D8F13E93-1241-486B-81E3-A464E226A136}.Release|Any CPU.ActiveCfg = Release|Any CPU
		{D8F13E93-1241-486B-81E3-A464E226A136}.Release|Any CPU.Build.0 = Release|Any CPU
	EndGlobalSection
	GlobalSection(SolutionProperties) = preSolution
		HideSolutionNode = FALSE
	EndGlobalSection
	GlobalSection(ExtensibilityGlobals) = postSolution
		SolutionGuid = {B2F7810D-97FE-4C17-A2BE-80ECDEBD11DB}
	EndGlobalSection
EndGlobal
